
Microsoft Visual Studio Solution File, Format Version 12.00
# Visual Studio Version 17
VisualStudioVersion = 17.5.33424.131
MinimumVisualStudioVersion = 10.0.40219.1
Project("{9A19103F-16F7-4668-BE54-9A1E7A4F7556}") = "PhoneBookMonolit", "PhoneBookMonolit\PhoneBookMonolit.csproj", "{4E6B4CD9-A9BD-4A50-A912-63921352250F}"
EndProject
Project("{FAE04EC0-301F-11D3-BF4B-00C04F79EFBC}") = "PhoneBookEntryAPI", "PhoneBookEntryAPI\PhoneBookEntryAPI.csproj", "{AC23641A-EBB0-47D8-ACF6-B7EC6BAB8206}"
EndProject
Project("{FAE04EC0-301F-11D3-BF4B-00C04F79EFBC}") = "PhoneBookLoginAPI", "PhoneBookLoginAPI\PhoneBookLoginAPI.csproj", "{03E9359D-B023-4061-8FBE-BCEFEEEE46C2}"
EndProject
Project("{FAE04EC0-301F-11D3-BF4B-00C04F79EFBC}") = "PhoneBookSearchAPI", "PhoneBookSearchAPI\PhoneBookSearchAPI.csproj", "{8C6ACC60-DC9F-4942-A56B-5546908E2F0F}"
EndProject
Global
	GlobalSection(SolutionConfigurationPlatforms) = preSolution
		Debug|Any CPU = Debug|Any CPU
		Release|Any CPU = Release|Any CPU
	EndGlobalSection
	GlobalSection(ProjectConfigurationPlatforms) = postSolution
		{4E6B4CD9-A9BD-4A50-A912-63921352250F}.Debug|Any CPU.ActiveCfg = Debug|Any CPU
		{4E6B4CD9-A9BD-4A50-A912-63921352250F}.Debug|Any CPU.Build.0 = Debug|Any CPU
		{4E6B4CD9-A9BD-4A50-A912-63921352250F}.Release|Any CPU.ActiveCfg = Release|Any CPU
		{4E6B4CD9-A9BD-4A50-A912-63921352250F}.Release|Any CPU.Build.0 = Release|Any CPU
		{AC23641A-EBB0-47D8-ACF6-B7EC6BAB8206}.Debug|Any CPU.ActiveCfg = Debug|Any CPU
		{AC23641A-EBB0-47D8-ACF6-B7EC6BAB8206}.Debug|Any CPU.Build.0 = Debug|Any CPU
		{AC23641A-EBB0-47D8-ACF6-B7EC6BAB8206}.Release|Any CPU.ActiveCfg = Release|Any CPU
		{AC23641A-EBB0-47D8-ACF6-B7EC6BAB8206}.Release|Any CPU.Build.0 = Release|Any CPU
		{03E9359D-B023-4061-8FBE-BCEFEEEE46C2}.Debug|Any CPU.ActiveCfg = Debug|Any CPU
		{03E9359D-B023-4061-8FBE-BCEFEEEE46C2}.Debug|Any CPU.Build.0 = Debug|Any CPU
		{03E9359D-B023-4061-8FBE-BCEFEEEE46C2}.Release|Any CPU.ActiveCfg = Release|Any CPU
		{03E9359D-B023-4061-8FBE-BCEFEEEE46C2}.Release|Any CPU.Build.0 = Release|Any CPU
		{8C6ACC60-DC9F-4942-A56B-5546908E2F0F}.Debug|Any CPU.ActiveCfg = Debug|Any CPU
		{8C6ACC60-DC9F-4942-A56B-5546908E2F0F}.Debug|Any CPU.Build.0 = Debug|Any CPU
		{8C6ACC60-DC9F-4942-A56B-5546908E2F0F}.Release|Any CPU.ActiveCfg = Release|Any CPU
		{8C6ACC60-DC9F-4942-A56B-5546908E2F0F}.Release|Any CPU.Build.0 = Release|Any CPU
	EndGlobalSection
	GlobalSection(SolutionProperties) = preSolution
		HideSolutionNode = FALSE
	EndGlobalSection
	GlobalSection(ExtensibilityGlobals) = postSolution
		SolutionGuid = {DFC3FB56-79B9-49EB-AF9B-CBAF633B6A41}
	EndGlobalSection
EndGlobal
